
Microsoft Visual Studio Solution File, Format Version 12.00
# Visual Studio 14
VisualStudioVersion = 14.0.25420.1
MinimumVisualStudioVersion = 10.0.40219.1
Project("{888888A0-9F3D-457C-B088-3A5042F75D52}") = "OctoPrint-gcodeRender", "octoprint_gcoderender\OctoPrint-gcodeRender.pyproj", "{F2047F94-3468-4AF7-B09D-7ECCF07A4363}"
EndProject
Project("{8BC9CEB8-8B4A-11D0-8D11-00A0C91BC942}") = "gcodeparser", "gcodeparser\gcodeparser.vcxproj", "{BF7C77BD-868C-4CCA-85BD-D83F1AA79CB8}"
EndProject
Global
	GlobalSection(SolutionConfigurationPlatforms) = preSolution
		Debug|Any CPU = Debug|Any CPU
		Debug|x64 = Debug|x64
		Debug|x86 = Debug|x86
		Release|Any CPU = Release|Any CPU
		Release|x64 = Release|x64
		Release|x86 = Release|x86
	EndGlobalSection
	GlobalSection(ProjectConfigurationPlatforms) = postSolution
		{F2047F94-3468-4AF7-B09D-7ECCF07A4363}.Debug|Any CPU.ActiveCfg = Debug|Any CPU
		{F2047F94-3468-4AF7-B09D-7ECCF07A4363}.Debug|x64.ActiveCfg = Debug|Any CPU
		{F2047F94-3468-4AF7-B09D-7ECCF07A4363}.Debug|x86.ActiveCfg = Debug|Any CPU
		{F2047F94-3468-4AF7-B09D-7ECCF07A4363}.Release|Any CPU.ActiveCfg = Release|Any CPU
		{F2047F94-3468-4AF7-B09D-7ECCF07A4363}.Release|x64.ActiveCfg = Release|Any CPU
		{F2047F94-3468-4AF7-B09D-7ECCF07A4363}.Release|x86.ActiveCfg = Release|Any CPU
		{BF7C77BD-868C-4CCA-85BD-D83F1AA79CB8}.Debug|Any CPU.ActiveCfg = Debug|Win32
		{BF7C77BD-868C-4CCA-85BD-D83F1AA79CB8}.Debug|x64.ActiveCfg = Debug|x64
		{BF7C77BD-868C-4CCA-85BD-D83F1AA79CB8}.Debug|x64.Build.0 = Debug|x64
		{BF7C77BD-868C-4CCA-85BD-D83F1AA79CB8}.Debug|x86.ActiveCfg = Debug|Win32
		{BF7C77BD-868C-4CCA-85BD-D83F1AA79CB8}.Debug|x86.Build.0 = Debug|Win32
		{BF7C77BD-868C-4CCA-85BD-D83F1AA79CB8}.Release|Any CPU.ActiveCfg = Release|Win32
		{BF7C77BD-868C-4CCA-85BD-D83F1AA79CB8}.Release|x64.ActiveCfg = Release|x64
		{BF7C77BD-868C-4CCA-85BD-D83F1AA79CB8}.Release|x64.Build.0 = Release|x64
		{BF7C77BD-868C-4CCA-85BD-D83F1AA79CB8}.Release|x86.ActiveCfg = Release|Win32
		{BF7C77BD-868C-4CCA-85BD-D83F1AA79CB8}.Release|x86.Build.0 = Release|Win32
	EndGlobalSection
	GlobalSection(SolutionProperties) = preSolution
		HideSolutionNode = FALSE
	EndGlobalSection
EndGlobal
